// !$*UTF8*$!
{
	archiveVersion = 1;
	classes = {
	};
	objectVersion = 56;
	objects = {

/* Begin PBXBuildFile section */
		0F6FA87929883743006E0430 /* PortfolioView.swift in Sources */ = {isa = PBXBuildFile; fileRef = 0F6FA87829883743006E0430 /* PortfolioView.swift */; };
		0F6FA87B298839B5006E0430 /* XMarkButton.swift in Sources */ = {isa = PBXBuildFile; fileRef = 0F6FA87A298839B5006E0430 /* XMarkButton.swift */; };
		0F6FA87D29883D7B006E0430 /* CoinLogoView.swift in Sources */ = {isa = PBXBuildFile; fileRef = 0F6FA87C29883D7B006E0430 /* CoinLogoView.swift */; };
		0F6FA88029884DEE006E0430 /* PortfolioContainer.xcdatamodeld in Sources */ = {isa = PBXBuildFile; fileRef = 0F6FA87E29884DEE006E0430 /* PortfolioContainer.xcdatamodeld */; };
		0F6FA88229884EEC006E0430 /* PortfolioDataService.swift in Sources */ = {isa = PBXBuildFile; fileRef = 0F6FA88129884EEC006E0430 /* PortfolioDataService.swift */; };
		0F6FA887298AF356006E0430 /* DetailView.swift in Sources */ = {isa = PBXBuildFile; fileRef = 0F6FA886298AF356006E0430 /* DetailView.swift */; };
		0F7AF0E8298BFB95006073A6 /* CoinDetailModel.swift in Sources */ = {isa = PBXBuildFile; fileRef = 0F7AF0E7298BFB95006073A6 /* CoinDetailModel.swift */; };
		0F7AF0EA298BFDC4006073A6 /* DetailViewModel.swift in Sources */ = {isa = PBXBuildFile; fileRef = 0F7AF0E9298BFDC4006073A6 /* DetailViewModel.swift */; };
		0F7AF0EC298BFDF0006073A6 /* CoinDetailDataService.swift in Sources */ = {isa = PBXBuildFile; fileRef = 0F7AF0EB298BFDF0006073A6 /* CoinDetailDataService.swift */; };
		0F7AF0EE298C2AFB006073A6 /* ChartView.swift in Sources */ = {isa = PBXBuildFile; fileRef = 0F7AF0ED298C2AFB006073A6 /* ChartView.swift */; };
		0F7AF0F0298C3196006073A6 /* Date.swift in Sources */ = {isa = PBXBuildFile; fileRef = 0F7AF0EF298C3196006073A6 /* Date.swift */; };
		0F7AF0F2298C44D3006073A6 /* String.swift in Sources */ = {isa = PBXBuildFile; fileRef = 0F7AF0F1298C44D3006073A6 /* String.swift */; };
		0F7AF0F6298C5751006073A6 /* SettingsView.swift in Sources */ = {isa = PBXBuildFile; fileRef = 0F7AF0F5298C5751006073A6 /* SettingsView.swift */; };
		0F7AF0FA298D743F006073A6 /* LaunchScreen.storyboard in Resources */ = {isa = PBXBuildFile; fileRef = 0F7AF0F9298D743F006073A6 /* LaunchScreen.storyboard */; };
		0F7AF0FC298D7639006073A6 /* LaunchView.swift in Sources */ = {isa = PBXBuildFile; fileRef = 0F7AF0FB298D7639006073A6 /* LaunchView.swift */; };
		0F7D6754296C567100F758B2 /* CryptoAppApp.swift in Sources */ = {isa = PBXBuildFile; fileRef = 0F7D6753296C567100F758B2 /* CryptoAppApp.swift */; };
		0F7D675B296C567200F758B2 /* Preview Assets.xcassets in Resources */ = {isa = PBXBuildFile; fileRef = 0F7D675A296C567200F758B2 /* Preview Assets.xcassets */; };
		0F7D6762296C570300F758B2 /* Assets.xcassets in Resources */ = {isa = PBXBuildFile; fileRef = 0F7D6761296C570300F758B2 /* Assets.xcassets */; };
		0F7D6785296C594700F758B2 /* Color.swift in Sources */ = {isa = PBXBuildFile; fileRef = 0F7D6784296C594700F758B2 /* Color.swift */; };
		0F7D678B296C5B7300F758B2 /* HomeView.swift in Sources */ = {isa = PBXBuildFile; fileRef = 0F7D678A296C5B7300F758B2 /* HomeView.swift */; };
		0F7D678F296C5C6800F758B2 /* CircleButtonView.swift in Sources */ = {isa = PBXBuildFile; fileRef = 0F7D678E296C5C6800F758B2 /* CircleButtonView.swift */; };
		0F7D6791296C5FEC00F758B2 /* CircleButtonAnimationView.swift in Sources */ = {isa = PBXBuildFile; fileRef = 0F7D6790296C5FEC00F758B2 /* CircleButtonAnimationView.swift */; };
		0F7D6794296C635900F758B2 /* CoinModel.swift in Sources */ = {isa = PBXBuildFile; fileRef = 0F7D6793296C635900F758B2 /* CoinModel.swift */; };
		0F7D6796296C6ED600F758B2 /* CoinRollView.swift in Sources */ = {isa = PBXBuildFile; fileRef = 0F7D6795296C6ED600F758B2 /* CoinRollView.swift */; };
		0F7D6798296C6F4800F758B2 /* PreviewProvider.swift in Sources */ = {isa = PBXBuildFile; fileRef = 0F7D6797296C6F4800F758B2 /* PreviewProvider.swift */; };
		0F7D679A296C721F00F758B2 /* Double.swift in Sources */ = {isa = PBXBuildFile; fileRef = 0F7D6799296C721F00F758B2 /* Double.swift */; };
		0F7D679D296C86EC00F758B2 /* HomeViewModel.swift in Sources */ = {isa = PBXBuildFile; fileRef = 0F7D679C296C86EC00F758B2 /* HomeViewModel.swift */; };
		0F7D67A0296C8B9C00F758B2 /* CoinDataService.swift in Sources */ = {isa = PBXBuildFile; fileRef = 0F7D679F296C8B9C00F758B2 /* CoinDataService.swift */; };
		0F7D67A3296C93E800F758B2 /* NetworkingManager.swift in Sources */ = {isa = PBXBuildFile; fileRef = 0F7D67A2296C93E800F758B2 /* NetworkingManager.swift */; };
		0FFD43EC296C9ACC00FBFDEC /* CoinImageView.swift in Sources */ = {isa = PBXBuildFile; fileRef = 0FFD43EB296C9ACC00FBFDEC /* CoinImageView.swift */; };
		0FFD43EE296C9BEC00FBFDEC /* CoinImageService.swift in Sources */ = {isa = PBXBuildFile; fileRef = 0FFD43ED296C9BEC00FBFDEC /* CoinImageService.swift */; };
		0FFD43F0296C9D5A00FBFDEC /* CoinImageViewModel.swift in Sources */ = {isa = PBXBuildFile; fileRef = 0FFD43EF296C9D5A00FBFDEC /* CoinImageViewModel.swift */; };
		0FFD43F2296DB38A00FBFDEC /* LocalFileManager.swift in Sources */ = {isa = PBXBuildFile; fileRef = 0FFD43F1296DB38A00FBFDEC /* LocalFileManager.swift */; };
		0FFD43F4296DBB1700FBFDEC /* SearchBarView.swift in Sources */ = {isa = PBXBuildFile; fileRef = 0FFD43F3296DBB1700FBFDEC /* SearchBarView.swift */; };
		0FFD43F6296DBF1C00FBFDEC /* UIApplication.swift in Sources */ = {isa = PBXBuildFile; fileRef = 0FFD43F5296DBF1C00FBFDEC /* UIApplication.swift */; };
		0FFD43F82975A23600FBFDEC /* StatisticModel.swift in Sources */ = {isa = PBXBuildFile; fileRef = 0FFD43F72975A23600FBFDEC /* StatisticModel.swift */; };
		0FFD43FA2975A35700FBFDEC /* StatisticView.swift in Sources */ = {isa = PBXBuildFile; fileRef = 0FFD43F92975A35700FBFDEC /* StatisticView.swift */; };
		0FFD43FC2975A66800FBFDEC /* HomeStatsView.swift in Sources */ = {isa = PBXBuildFile; fileRef = 0FFD43FB2975A66800FBFDEC /* HomeStatsView.swift */; };
		0FFD43FE2975A95B00FBFDEC /* MarketDataModel.swift in Sources */ = {isa = PBXBuildFile; fileRef = 0FFD43FD2975A95B00FBFDEC /* MarketDataModel.swift */; };
		0FFD44002975AC2E00FBFDEC /* MarketDataService.swift in Sources */ = {isa = PBXBuildFile; fileRef = 0FFD43FF2975AC2E00FBFDEC /* MarketDataService.swift */; };
/* End PBXBuildFile section */

/* Begin PBXFileReference section */
		0F6FA87829883743006E0430 /* PortfolioView.swift */ = {isa = PBXFileReference; lastKnownFileType = sourcecode.swift; path = PortfolioView.swift; sourceTree = "<group>"; };
		0F6FA87A298839B5006E0430 /* XMarkButton.swift */ = {isa = PBXFileReference; lastKnownFileType = sourcecode.swift; path = XMarkButton.swift; sourceTree = "<group>"; };
		0F6FA87C29883D7B006E0430 /* CoinLogoView.swift */ = {isa = PBXFileReference; lastKnownFileType = sourcecode.swift; path = CoinLogoView.swift; sourceTree = "<group>"; };
		0F6FA87F29884DEE006E0430 /* PortfolioContainer.xcdatamodel */ = {isa = PBXFileReference; lastKnownFileType = wrapper.xcdatamodel; path = PortfolioContainer.xcdatamodel; sourceTree = "<group>"; };
		0F6FA88129884EEC006E0430 /* PortfolioDataService.swift */ = {isa = PBXFileReference; lastKnownFileType = sourcecode.swift; path = PortfolioDataService.swift; sourceTree = "<group>"; };
		0F6FA886298AF356006E0430 /* DetailView.swift */ = {isa = PBXFileReference; lastKnownFileType = sourcecode.swift; path = DetailView.swift; sourceTree = "<group>"; };
		0F6FA888298AFB1B006E0430 /* Info.plist */ = {isa = PBXFileReference; lastKnownFileType = text.plist; path = Info.plist; sourceTree = "<group>"; };
		0F7AF0E7298BFB95006073A6 /* CoinDetailModel.swift */ = {isa = PBXFileReference; lastKnownFileType = sourcecode.swift; path = CoinDetailModel.swift; sourceTree = "<group>"; };
		0F7AF0E9298BFDC4006073A6 /* DetailViewModel.swift */ = {isa = PBXFileReference; lastKnownFileType = sourcecode.swift; path = DetailViewModel.swift; sourceTree = "<group>"; };
		0F7AF0EB298BFDF0006073A6 /* CoinDetailDataService.swift */ = {isa = PBXFileReference; lastKnownFileType = sourcecode.swift; path = CoinDetailDataService.swift; sourceTree = "<group>"; };
		0F7AF0ED298C2AFB006073A6 /* ChartView.swift */ = {isa = PBXFileReference; lastKnownFileType = sourcecode.swift; path = ChartView.swift; sourceTree = "<group>"; };
		0F7AF0EF298C3196006073A6 /* Date.swift */ = {isa = PBXFileReference; lastKnownFileType = sourcecode.swift; path = Date.swift; sourceTree = "<group>"; };
		0F7AF0F1298C44D3006073A6 /* String.swift */ = {isa = PBXFileReference; lastKnownFileType = sourcecode.swift; path = String.swift; sourceTree = "<group>"; };
		0F7AF0F5298C5751006073A6 /* SettingsView.swift */ = {isa = PBXFileReference; lastKnownFileType = sourcecode.swift; path = SettingsView.swift; sourceTree = "<group>"; };
		0F7AF0F9298D743F006073A6 /* LaunchScreen.storyboard */ = {isa = PBXFileReference; lastKnownFileType = file.storyboard; path = LaunchScreen.storyboard; sourceTree = "<group>"; };
		0F7AF0FB298D7639006073A6 /* LaunchView.swift */ = {isa = PBXFileReference; lastKnownFileType = sourcecode.swift; path = LaunchView.swift; sourceTree = "<group>"; };
		0F7D6750296C567100F758B2 /* CryptoApp.app */ = {isa = PBXFileReference; explicitFileType = wrapper.application; includeInIndex = 0; path = CryptoApp.app; sourceTree = BUILT_PRODUCTS_DIR; };
		0F7D6753296C567100F758B2 /* CryptoAppApp.swift */ = {isa = PBXFileReference; lastKnownFileType = sourcecode.swift; path = CryptoAppApp.swift; sourceTree = "<group>"; };
		0F7D675A296C567200F758B2 /* Preview Assets.xcassets */ = {isa = PBXFileReference; lastKnownFileType = folder.assetcatalog; path = "Preview Assets.xcassets"; sourceTree = "<group>"; };
		0F7D6761296C570300F758B2 /* Assets.xcassets */ = {isa = PBXFileReference; lastKnownFileType = folder.assetcatalog; name = Assets.xcassets; path = Resources/Assets.xcassets; sourceTree = SOURCE_ROOT; };
		0F7D6784296C594700F758B2 /* Color.swift */ = {isa = PBXFileReference; lastKnownFileType = sourcecode.swift; path = Color.swift; sourceTree = "<group>"; };
		0F7D678A296C5B7300F758B2 /* HomeView.swift */ = {isa = PBXFileReference; lastKnownFileType = sourcecode.swift; path = HomeView.swift; sourceTree = "<group>"; };
		0F7D678E296C5C6800F758B2 /* CircleButtonView.swift */ = {isa = PBXFileReference; lastKnownFileType = sourcecode.swift; path = CircleButtonView.swift; sourceTree = "<group>"; };
		0F7D6790296C5FEC00F758B2 /* CircleButtonAnimationView.swift */ = {isa = PBXFileReference; lastKnownFileType = sourcecode.swift; path = CircleButtonAnimationView.swift; sourceTree = "<group>"; };
		0F7D6793296C635900F758B2 /* CoinModel.swift */ = {isa = PBXFileReference; lastKnownFileType = sourcecode.swift; path = CoinModel.swift; sourceTree = "<group>"; };
		0F7D6795296C6ED600F758B2 /* CoinRollView.swift */ = {isa = PBXFileReference; lastKnownFileType = sourcecode.swift; path = CoinRollView.swift; sourceTree = "<group>"; };
		0F7D6797296C6F4800F758B2 /* PreviewProvider.swift */ = {isa = PBXFileReference; lastKnownFileType = sourcecode.swift; path = PreviewProvider.swift; sourceTree = "<group>"; };
		0F7D6799296C721F00F758B2 /* Double.swift */ = {isa = PBXFileReference; lastKnownFileType = sourcecode.swift; path = Double.swift; sourceTree = "<group>"; };
		0F7D679C296C86EC00F758B2 /* HomeViewModel.swift */ = {isa = PBXFileReference; lastKnownFileType = sourcecode.swift; path = HomeViewModel.swift; sourceTree = "<group>"; };
		0F7D679F296C8B9C00F758B2 /* CoinDataService.swift */ = {isa = PBXFileReference; lastKnownFileType = sourcecode.swift; path = CoinDataService.swift; sourceTree = "<group>"; };
		0F7D67A2296C93E800F758B2 /* NetworkingManager.swift */ = {isa = PBXFileReference; lastKnownFileType = sourcecode.swift; path = NetworkingManager.swift; sourceTree = "<group>"; };
		0FFD43EB296C9ACC00FBFDEC /* CoinImageView.swift */ = {isa = PBXFileReference; lastKnownFileType = sourcecode.swift; path = CoinImageView.swift; sourceTree = "<group>"; };
		0FFD43ED296C9BEC00FBFDEC /* CoinImageService.swift */ = {isa = PBXFileReference; lastKnownFileType = sourcecode.swift; path = CoinImageService.swift; sourceTree = "<group>"; };
		0FFD43EF296C9D5A00FBFDEC /* CoinImageViewModel.swift */ = {isa = PBXFileReference; lastKnownFileType = sourcecode.swift; path = CoinImageViewModel.swift; sourceTree = "<group>"; };
		0FFD43F1296DB38A00FBFDEC /* LocalFileManager.swift */ = {isa = PBXFileReference; lastKnownFileType = sourcecode.swift; path = LocalFileManager.swift; sourceTree = "<group>"; };
		0FFD43F3296DBB1700FBFDEC /* SearchBarView.swift */ = {isa = PBXFileReference; lastKnownFileType = sourcecode.swift; path = SearchBarView.swift; sourceTree = "<group>"; };
		0FFD43F5296DBF1C00FBFDEC /* UIApplication.swift */ = {isa = PBXFileReference; lastKnownFileType = sourcecode.swift; path = UIApplication.swift; sourceTree = "<group>"; };
		0FFD43F72975A23600FBFDEC /* StatisticModel.swift */ = {isa = PBXFileReference; lastKnownFileType = sourcecode.swift; path = StatisticModel.swift; sourceTree = "<group>"; };
		0FFD43F92975A35700FBFDEC /* StatisticView.swift */ = {isa = PBXFileReference; lastKnownFileType = sourcecode.swift; path = StatisticView.swift; sourceTree = "<group>"; };
		0FFD43FB2975A66800FBFDEC /* HomeStatsView.swift */ = {isa = PBXFileReference; lastKnownFileType = sourcecode.swift; path = HomeStatsView.swift; sourceTree = "<group>"; };
		0FFD43FD2975A95B00FBFDEC /* MarketDataModel.swift */ = {isa = PBXFileReference; lastKnownFileType = sourcecode.swift; path = MarketDataModel.swift; sourceTree = "<group>"; };
		0FFD43FF2975AC2E00FBFDEC /* MarketDataService.swift */ = {isa = PBXFileReference; lastKnownFileType = sourcecode.swift; path = MarketDataService.swift; sourceTree = "<group>"; };
/* End PBXFileReference section */

/* Begin PBXFrameworksBuildPhase section */
		0F7D674D296C567100F758B2 /* Frameworks */ = {
			isa = PBXFrameworksBuildPhase;
			buildActionMask = 2147483647;
			files = (
			);
			runOnlyForDeploymentPostprocessing = 0;
		};
/* End PBXFrameworksBuildPhase section */

/* Begin PBXGroup section */
		0F6FA883298AF322006E0430 /* Detail */ = {
			isa = PBXGroup;
			children = (
				0F6FA884298AF33E006E0430 /* ViewModels */,
				0F6FA885298AF344006E0430 /* View */,
			);
			path = Detail;
			sourceTree = "<group>";
		};
		0F6FA884298AF33E006E0430 /* ViewModels */ = {
			isa = PBXGroup;
			children = (
				0F7AF0E9298BFDC4006073A6 /* DetailViewModel.swift */,
			);
			path = ViewModels;
			sourceTree = "<group>";
		};
		0F6FA885298AF344006E0430 /* View */ = {
			isa = PBXGroup;
			children = (
				0F6FA886298AF356006E0430 /* DetailView.swift */,
				0F7AF0ED298C2AFB006073A6 /* ChartView.swift */,
			);
			path = View;
			sourceTree = "<group>";
		};
		0F7AF0F3298C570E006073A6 /* Settings */ = {
			isa = PBXGroup;
			children = (
				0F7AF0F4298C5736006073A6 /* Views */,
			);
			path = Settings;
			sourceTree = "<group>";
		};
		0F7AF0F4298C5736006073A6 /* Views */ = {
			isa = PBXGroup;
			children = (
				0F7AF0F5298C5751006073A6 /* SettingsView.swift */,
			);
			path = Views;
			sourceTree = "<group>";
		};
		0F7AF0F7298D7424006073A6 /* Launch */ = {
			isa = PBXGroup;
			children = (
				0F7AF0F8298D742F006073A6 /* Views */,
			);
			path = Launch;
			sourceTree = "<group>";
		};
		0F7AF0F8298D742F006073A6 /* Views */ = {
			isa = PBXGroup;
			children = (
				0F7AF0F9298D743F006073A6 /* LaunchScreen.storyboard */,
				0F7AF0FB298D7639006073A6 /* LaunchView.swift */,
			);
			path = Views;
			sourceTree = "<group>";
		};
		0F7D6747296C567100F758B2 = {
			isa = PBXGroup;
			children = (
				0F7D6752296C567100F758B2 /* CryptoApp */,
				0F7D6751296C567100F758B2 /* Products */,
			);
			sourceTree = "<group>";
		};
		0F7D6751296C567100F758B2 /* Products */ = {
			isa = PBXGroup;
			children = (
				0F7D6750296C567100F758B2 /* CryptoApp.app */,
			);
			name = Products;
			sourceTree = "<group>";
		};
		0F7D6752296C567100F758B2 /* CryptoApp */ = {
			isa = PBXGroup;
			children = (
				0F6FA888298AFB1B006E0430 /* Info.plist */,
				0F7D6753296C567100F758B2 /* CryptoAppApp.swift */,
				0F7D67A1296C93B500F758B2 /* Utilities */,
				0F7D6783296C593200F758B2 /* Extensions */,
				0F7D679E296C8B6F00F758B2 /* Services */,
				0F7D6792296C633A00F758B2 /* Models */,
				0F7D6786296C5B3E00F758B2 /* Core */,
				0F7D6761296C570300F758B2 /* Assets.xcassets */,
				0F7D6759296C567200F758B2 /* Preview Content */,
			);
			path = CryptoApp;
			sourceTree = "<group>";
		};
		0F7D6759296C567200F758B2 /* Preview Content */ = {
			isa = PBXGroup;
			children = (
				0F7D675A296C567200F758B2 /* Preview Assets.xcassets */,
			);
			path = "Preview Content";
			sourceTree = "<group>";
		};
		0F7D6783296C593200F758B2 /* Extensions */ = {
			isa = PBXGroup;
			children = (
				0F7D6784296C594700F758B2 /* Color.swift */,
				0F7D6797296C6F4800F758B2 /* PreviewProvider.swift */,
				0F7D6799296C721F00F758B2 /* Double.swift */,
				0FFD43F5296DBF1C00FBFDEC /* UIApplication.swift */,
				0F7AF0EF298C3196006073A6 /* Date.swift */,
				0F7AF0F1298C44D3006073A6 /* String.swift */,
			);
			path = Extensions;
			sourceTree = "<group>";
		};
		0F7D6786296C5B3E00F758B2 /* Core */ = {
			isa = PBXGroup;
			children = (
				0F7AF0F7298D7424006073A6 /* Launch */,
				0F7D678C296C5C4100F758B2 /* Components */,
				0F7AF0F3298C570E006073A6 /* Settings */,
				0F7D6787296C5B5300F758B2 /* Home */,
				0F6FA883298AF322006E0430 /* Detail */,
			);
			path = Core;
			sourceTree = "<group>";
		};
		0F7D6787296C5B5300F758B2 /* Home */ = {
			isa = PBXGroup;
			children = (
				0F7D6789296C5B6000F758B2 /* ViewModels */,
				0F7D6788296C5B5B00F758B2 /* Views */,
			);
			path = Home;
			sourceTree = "<group>";
		};
		0F7D6788296C5B5B00F758B2 /* Views */ = {
			isa = PBXGroup;
			children = (
				0F7D678A296C5B7300F758B2 /* HomeView.swift */,
				0F6FA87829883743006E0430 /* PortfolioView.swift */,
				0FFD43FB2975A66800FBFDEC /* HomeStatsView.swift */,
				0F7D6795296C6ED600F758B2 /* CoinRollView.swift */,
			);
			path = Views;
			sourceTree = "<group>";
		};
		0F7D6789296C5B6000F758B2 /* ViewModels */ = {
			isa = PBXGroup;
			children = (
				0F7D679C296C86EC00F758B2 /* HomeViewModel.swift */,
			);
			path = ViewModels;
			sourceTree = "<group>";
		};
		0F7D678C296C5C4100F758B2 /* Components */ = {
			isa = PBXGroup;
			children = (
				0FFD43EA296C9A9800FBFDEC /* CoinImage */,
				0F7D678D296C5C5B00F758B2 /* CircleButton */,
				0FFD43F3296DBB1700FBFDEC /* SearchBarView.swift */,
				0FFD43F92975A35700FBFDEC /* StatisticView.swift */,
				0F6FA87A298839B5006E0430 /* XMarkButton.swift */,
			);
			path = Components;
			sourceTree = "<group>";
		};
		0F7D678D296C5C5B00F758B2 /* CircleButton */ = {
			isa = PBXGroup;
			children = (
				0F7D678E296C5C6800F758B2 /* CircleButtonView.swift */,
				0F7D6790296C5FEC00F758B2 /* CircleButtonAnimationView.swift */,
			);
			path = CircleButton;
			sourceTree = "<group>";
		};
		0F7D6792296C633A00F758B2 /* Models */ = {
			isa = PBXGroup;
			children = (
				0F7D6793296C635900F758B2 /* CoinModel.swift */,
				0F7AF0E7298BFB95006073A6 /* CoinDetailModel.swift */,
				0F6FA87E29884DEE006E0430 /* PortfolioContainer.xcdatamodeld */,
				0FFD43F72975A23600FBFDEC /* StatisticModel.swift */,
				0FFD43FD2975A95B00FBFDEC /* MarketDataModel.swift */,
			);
			path = Models;
			sourceTree = "<group>";
		};
		0F7D679E296C8B6F00F758B2 /* Services */ = {
			isa = PBXGroup;
			children = (
				0F7D679F296C8B9C00F758B2 /* CoinDataService.swift */,
				0FFD43ED296C9BEC00FBFDEC /* CoinImageService.swift */,
				0FFD43FF2975AC2E00FBFDEC /* MarketDataService.swift */,
				0F6FA88129884EEC006E0430 /* PortfolioDataService.swift */,
				0F7AF0EB298BFDF0006073A6 /* CoinDetailDataService.swift */,
			);
			path = Services;
			sourceTree = "<group>";
		};
		0F7D67A1296C93B500F758B2 /* Utilities */ = {
			isa = PBXGroup;
			children = (
				0F7D67A2296C93E800F758B2 /* NetworkingManager.swift */,
				0FFD43F1296DB38A00FBFDEC /* LocalFileManager.swift */,
			);
			path = Utilities;
			sourceTree = "<group>";
		};
		0FFD43EA296C9A9800FBFDEC /* CoinImage */ = {
			isa = PBXGroup;
			children = (
				0FFD43EB296C9ACC00FBFDEC /* CoinImageView.swift */,
				0FFD43EF296C9D5A00FBFDEC /* CoinImageViewModel.swift */,
				0F6FA87C29883D7B006E0430 /* CoinLogoView.swift */,
			);
			path = CoinImage;
			sourceTree = "<group>";
		};
/* End PBXGroup section */

/* Begin PBXNativeTarget section */
		0F7D674F296C567100F758B2 /* CryptoApp */ = {
			isa = PBXNativeTarget;
			buildConfigurationList = 0F7D675E296C567200F758B2 /* Build configuration list for PBXNativeTarget "CryptoApp" */;
			buildPhases = (
				0F7D674C296C567100F758B2 /* Sources */,
				0F7D674D296C567100F758B2 /* Frameworks */,
				0F7D674E296C567100F758B2 /* Resources */,
			);
			buildRules = (
			);
			dependencies = (
			);
			name = CryptoApp;
			productName = CryptoApp;
			productReference = 0F7D6750296C567100F758B2 /* CryptoApp.app */;
			productType = "com.apple.product-type.application";
		};
/* End PBXNativeTarget section */

/* Begin PBXProject section */
		0F7D6748296C567100F758B2 /* Project object */ = {
			isa = PBXProject;
			attributes = {
				BuildIndependentTargetsInParallel = 1;
				LastSwiftUpdateCheck = 1420;
				LastUpgradeCheck = 1420;
				TargetAttributes = {
					0F7D674F296C567100F758B2 = {
						CreatedOnToolsVersion = 14.2;
					};
				};
			};
			buildConfigurationList = 0F7D674B296C567100F758B2 /* Build configuration list for PBXProject "CryptoApp" */;
			compatibilityVersion = "Xcode 14.0";
			developmentRegion = en;
			hasScannedForEncodings = 0;
			knownRegions = (
				en,
				Base,
			);
			mainGroup = 0F7D6747296C567100F758B2;
			productRefGroup = 0F7D6751296C567100F758B2 /* Products */;
			projectDirPath = "";
			projectRoot = "";
			targets = (
				0F7D674F296C567100F758B2 /* CryptoApp */,
			);
		};
/* End PBXProject section */

/* Begin PBXResourcesBuildPhase section */
		0F7D674E296C567100F758B2 /* Resources */ = {
			isa = PBXResourcesBuildPhase;
			buildActionMask = 2147483647;
			files = (
				0F7AF0FA298D743F006073A6 /* LaunchScreen.storyboard in Resources */,
				0F7D675B296C567200F758B2 /* Preview Assets.xcassets in Resources */,
				0F7D6762296C570300F758B2 /* Assets.xcassets in Resources */,
			);
			runOnlyForDeploymentPostprocessing = 0;
		};
/* End PBXResourcesBuildPhase section */

/* Begin PBXSourcesBuildPhase section */
		0F7D674C296C567100F758B2 /* Sources */ = {
			isa = PBXSourcesBuildPhase;
			buildActionMask = 2147483647;
			files = (
				0F6FA88029884DEE006E0430 /* PortfolioContainer.xcdatamodeld in Sources */,
				0FFD43F82975A23600FBFDEC /* StatisticModel.swift in Sources */,
				0F7D67A0296C8B9C00F758B2 /* CoinDataService.swift in Sources */,
				0F6FA87B298839B5006E0430 /* XMarkButton.swift in Sources */,
				0F7D679D296C86EC00F758B2 /* HomeViewModel.swift in Sources */,
				0F7AF0F6298C5751006073A6 /* SettingsView.swift in Sources */,
				0F7AF0FC298D7639006073A6 /* LaunchView.swift in Sources */,
				0F7D678B296C5B7300F758B2 /* HomeView.swift in Sources */,
				0FFD43F2296DB38A00FBFDEC /* LocalFileManager.swift in Sources */,
				0F7AF0E8298BFB95006073A6 /* CoinDetailModel.swift in Sources */,
				0FFD43FE2975A95B00FBFDEC /* MarketDataModel.swift in Sources */,
				0F7D6796296C6ED600F758B2 /* CoinRollView.swift in Sources */,
				0FFD43FA2975A35700FBFDEC /* StatisticView.swift in Sources */,
				0FFD43EC296C9ACC00FBFDEC /* CoinImageView.swift in Sources */,
				0F7D6754296C567100F758B2 /* CryptoAppApp.swift in Sources */,
				0F6FA887298AF356006E0430 /* DetailView.swift in Sources */,
				0F7AF0EA298BFDC4006073A6 /* DetailViewModel.swift in Sources */,
				0F7AF0F0298C3196006073A6 /* Date.swift in Sources */,
				0FFD43F6296DBF1C00FBFDEC /* UIApplication.swift in Sources */,
				0F7D678F296C5C6800F758B2 /* CircleButtonView.swift in Sources */,
				0F7D6785296C594700F758B2 /* Color.swift in Sources */,
				0FFD43F4296DBB1700FBFDEC /* SearchBarView.swift in Sources */,
				0F7D67A3296C93E800F758B2 /* NetworkingManager.swift in Sources */,
				0F6FA87D29883D7B006E0430 /* CoinLogoView.swift in Sources */,
				0FFD43FC2975A66800FBFDEC /* HomeStatsView.swift in Sources */,
				0FFD44002975AC2E00FBFDEC /* MarketDataService.swift in Sources */,
				0F7D6791296C5FEC00F758B2 /* CircleButtonAnimationView.swift in Sources */,
				0FFD43F0296C9D5A00FBFDEC /* CoinImageViewModel.swift in Sources */,
				0F7D6798296C6F4800F758B2 /* PreviewProvider.swift in Sources */,
				0F7AF0EE298C2AFB006073A6 /* ChartView.swift in Sources */,
				0F6FA87929883743006E0430 /* PortfolioView.swift in Sources */,
				0F7AF0F2298C44D3006073A6 /* String.swift in Sources */,
				0F7D679A296C721F00F758B2 /* Double.swift in Sources */,
				0F7AF0EC298BFDF0006073A6 /* CoinDetailDataService.swift in Sources */,
				0FFD43EE296C9BEC00FBFDEC /* CoinImageService.swift in Sources */,
				0F7D6794296C635900F758B2 /* CoinModel.swift in Sources */,
				0F6FA88229884EEC006E0430 /* PortfolioDataService.swift in Sources */,
			);
			runOnlyForDeploymentPostprocessing = 0;
		};
/* End PBXSourcesBuildPhase section */

/* Begin XCBuildConfiguration section */
		0F7D675C296C567200F758B2 /* Debug */ = {
			isa = XCBuildConfiguration;
			buildSettings = {
				ALWAYS_SEARCH_USER_PATHS = NO;
				CLANG_ANALYZER_NONNULL = YES;
				CLANG_ANALYZER_NUMBER_OBJECT_CONVERSION = YES_AGGRESSIVE;
				CLANG_CXX_LANGUAGE_STANDARD = "gnu++20";
				CLANG_ENABLE_MODULES = YES;
				CLANG_ENABLE_OBJC_ARC = YES;
				CLANG_ENABLE_OBJC_WEAK = YES;
				CLANG_WARN_BLOCK_CAPTURE_AUTORELEASING = YES;
				CLANG_WARN_BOOL_CONVERSION = YES;
				CLANG_WARN_COMMA = YES;
				CLANG_WARN_CONSTANT_CONVERSION = YES;
				CLANG_WARN_DEPRECATED_OBJC_IMPLEMENTATIONS = YES;
				CLANG_WARN_DIRECT_OBJC_ISA_USAGE = YES_ERROR;
				CLANG_WARN_DOCUMENTATION_COMMENTS = YES;
				CLANG_WARN_EMPTY_BODY = YES;
				CLANG_WARN_ENUM_CONVERSION = YES;
				CLANG_WARN_INFINITE_RECURSION = YES;
				CLANG_WARN_INT_CONVERSION = YES;
				CLANG_WARN_NON_LITERAL_NULL_CONVERSION = YES;
				CLANG_WARN_OBJC_IMPLICIT_RETAIN_SELF = YES;
				CLANG_WARN_OBJC_LITERAL_CONVERSION = YES;
				CLANG_WARN_OBJC_ROOT_CLASS = YES_ERROR;
				CLANG_WARN_QUOTED_INCLUDE_IN_FRAMEWORK_HEADER = YES;
				CLANG_WARN_RANGE_LOOP_ANALYSIS = YES;
				CLANG_WARN_STRICT_PROTOTYPES = YES;
				CLANG_WARN_SUSPICIOUS_MOVE = YES;
				CLANG_WARN_UNGUARDED_AVAILABILITY = YES_AGGRESSIVE;
				CLANG_WARN_UNREACHABLE_CODE = YES;
				CLANG_WARN__DUPLICATE_METHOD_MATCH = YES;
				COPY_PHASE_STRIP = NO;
				DEBUG_INFORMATION_FORMAT = dwarf;
				ENABLE_STRICT_OBJC_MSGSEND = YES;
				ENABLE_TESTABILITY = YES;
				GCC_C_LANGUAGE_STANDARD = gnu11;
				GCC_DYNAMIC_NO_PIC = NO;
				GCC_NO_COMMON_BLOCKS = YES;
				GCC_OPTIMIZATION_LEVEL = 0;
				GCC_PREPROCESSOR_DEFINITIONS = (
					"DEBUG=1",
					"$(inherited)",
				);
				GCC_WARN_64_TO_32_BIT_CONVERSION = YES;
				GCC_WARN_ABOUT_RETURN_TYPE = YES_ERROR;
				GCC_WARN_UNDECLARED_SELECTOR = YES;
				GCC_WARN_UNINITIALIZED_AUTOS = YES_AGGRESSIVE;
				GCC_WARN_UNUSED_FUNCTION = YES;
				GCC_WARN_UNUSED_VARIABLE = YES;
				IPHONEOS_DEPLOYMENT_TARGET = 16.0;
				MTL_ENABLE_DEBUG_INFO = INCLUDE_SOURCE;
				MTL_FAST_MATH = YES;
				ONLY_ACTIVE_ARCH = YES;
				SDKROOT = iphoneos;
				SWIFT_ACTIVE_COMPILATION_CONDITIONS = DEBUG;
				SWIFT_OPTIMIZATION_LEVEL = "-Onone";
			};
			name = Debug;
		};
		0F7D675D296C567200F758B2 /* Release */ = {
			isa = XCBuildConfiguration;
			buildSettings = {
				ALWAYS_SEARCH_USER_PATHS = NO;
				CLANG_ANALYZER_NONNULL = YES;
				CLANG_ANALYZER_NUMBER_OBJECT_CONVERSION = YES_AGGRESSIVE;
				CLANG_CXX_LANGUAGE_STANDARD = "gnu++20";
				CLANG_ENABLE_MODULES = YES;
				CLANG_ENABLE_OBJC_ARC = YES;
				CLANG_ENABLE_OBJC_WEAK = YES;
				CLANG_WARN_BLOCK_CAPTURE_AUTORELEASING = YES;
				CLANG_WARN_BOOL_CONVERSION = YES;
				CLANG_WARN_COMMA = YES;
				CLANG_WARN_CONSTANT_CONVERSION = YES;
				CLANG_WARN_DEPRECATED_OBJC_IMPLEMENTATIONS = YES;
				CLANG_WARN_DIRECT_OBJC_ISA_USAGE = YES_ERROR;
				CLANG_WARN_DOCUMENTATION_COMMENTS = YES;
				CLANG_WARN_EMPTY_BODY = YES;
				CLANG_WARN_ENUM_CONVERSION = YES;
				CLANG_WARN_INFINITE_RECURSION = YES;
				CLANG_WARN_INT_CONVERSION = YES;
				CLANG_WARN_NON_LITERAL_NULL_CONVERSION = YES;
				CLANG_WARN_OBJC_IMPLICIT_RETAIN_SELF = YES;
				CLANG_WARN_OBJC_LITERAL_CONVERSION = YES;
				CLANG_WARN_OBJC_ROOT_CLASS = YES_ERROR;
				CLANG_WARN_QUOTED_INCLUDE_IN_FRAMEWORK_HEADER = YES;
				CLANG_WARN_RANGE_LOOP_ANALYSIS = YES;
				CLANG_WARN_STRICT_PROTOTYPES = YES;
				CLANG_WARN_SUSPICIOUS_MOVE = YES;
				CLANG_WARN_UNGUARDED_AVAILABILITY = YES_AGGRESSIVE;
				CLANG_WARN_UNREACHABLE_CODE = YES;
				CLANG_WARN__DUPLICATE_METHOD_MATCH = YES;
				COPY_PHASE_STRIP = NO;
				DEBUG_INFORMATION_FORMAT = "dwarf-with-dsym";
				ENABLE_NS_ASSERTIONS = NO;
				ENABLE_STRICT_OBJC_MSGSEND = YES;
				GCC_C_LANGUAGE_STANDARD = gnu11;
				GCC_NO_COMMON_BLOCKS = YES;
				GCC_WARN_64_TO_32_BIT_CONVERSION = YES;
				GCC_WARN_ABOUT_RETURN_TYPE = YES_ERROR;
				GCC_WARN_UNDECLARED_SELECTOR = YES;
				GCC_WARN_UNINITIALIZED_AUTOS = YES_AGGRESSIVE;
				GCC_WARN_UNUSED_FUNCTION = YES;
				GCC_WARN_UNUSED_VARIABLE = YES;
				IPHONEOS_DEPLOYMENT_TARGET = 16.0;
				MTL_ENABLE_DEBUG_INFO = NO;
				MTL_FAST_MATH = YES;
				SDKROOT = iphoneos;
				SWIFT_COMPILATION_MODE = wholemodule;
				SWIFT_OPTIMIZATION_LEVEL = "-O";
				VALIDATE_PRODUCT = YES;
			};
			name = Release;
		};
		0F7D675F296C567200F758B2 /* Debug */ = {
			isa = XCBuildConfiguration;
			buildSettings = {
				ASSETCATALOG_COMPILER_APPICON_NAME = AppIcon;
				ASSETCATALOG_COMPILER_GLOBAL_ACCENT_COLOR_NAME = AccentColor;
				ASSETCATALOG_COMPILER_INCLUDE_ALL_APPICON_ASSETS = YES;
				CODE_SIGN_STYLE = Automatic;
				CURRENT_PROJECT_VERSION = 1;
				DEVELOPMENT_ASSET_PATHS = "\"CryptoApp/Preview Content\"";
				DEVELOPMENT_TEAM = WX6Q94XHF5;
				ENABLE_PREVIEWS = YES;
				GENERATE_INFOPLIST_FILE = YES;
				INFOPLIST_FILE = CryptoApp/Info.plist;
				INFOPLIST_KEY_CFBundleDisplayName = "Crypto Tracker";
				INFOPLIST_KEY_LSApplicationCategoryType = "public.app-category.finance";
				INFOPLIST_KEY_UIApplicationSupportsIndirectInputEvents = YES;
				INFOPLIST_KEY_UILaunchScreen_Generation = YES;
				INFOPLIST_KEY_UILaunchStoryboardName = LaunchScreen.storyboard;
				INFOPLIST_KEY_UISupportedInterfaceOrientations = UIInterfaceOrientationPortrait;
				INFOPLIST_KEY_UISupportedInterfaceOrientations_iPad = "UIInterfaceOrientationLandscapeLeft UIInterfaceOrientationLandscapeRight UIInterfaceOrientationPortrait UIInterfaceOrientationPortraitUpsideDown";
				IPHONEOS_DEPLOYMENT_TARGET = 16.0;
				LD_RUNPATH_SEARCH_PATHS = (
					"$(inherited)",
					"@executable_path/Frameworks",
				);
				MARKETING_VERSION = 1.0;
				PRODUCT_BUNDLE_IDENTIFIER = com.jeancesca.CryptoApp;
				PRODUCT_NAME = "$(TARGET_NAME)";
				SUPPORTED_PLATFORMS = "iphoneos iphonesimulator";
				SUPPORTS_MACCATALYST = NO;
				SUPPORTS_MAC_DESIGNED_FOR_IPHONE_IPAD = NO;
				SWIFT_EMIT_LOC_STRINGS = YES;
				SWIFT_VERSION = 5.0;
				TARGETED_DEVICE_FAMILY = "1,2";
			};
			name = Debug;
		};
		0F7D6760296C567200F758B2 /* Release */ = {
			isa = XCBuildConfiguration;
			buildSettings = {
				ASSETCATALOG_COMPILER_APPICON_NAME = AppIcon;
				ASSETCATALOG_COMPILER_GLOBAL_ACCENT_COLOR_NAME = AccentColor;
				ASSETCATALOG_COMPILER_INCLUDE_ALL_APPICON_ASSETS = YES;
				CODE_SIGN_STYLE = Automatic;
				CURRENT_PROJECT_VERSION = 1;
				DEVELOPMENT_ASSET_PATHS = "\"CryptoApp/Preview Content\"";
				DEVELOPMENT_TEAM = WX6Q94XHF5;
				ENABLE_PREVIEWS = YES;
				GENERATE_INFOPLIST_FILE = YES;
				INFOPLIST_FILE = CryptoApp/Info.plist;
				INFOPLIST_KEY_CFBundleDisplayName = "Crypto Tracker";
				INFOPLIST_KEY_LSApplicationCategoryType = "public.app-category.finance";
				INFOPLIST_KEY_UIApplicationSupportsIndirectInputEvents = YES;
				INFOPLIST_KEY_UILaunchScreen_Generation = YES;
				INFOPLIST_KEY_UILaunchStoryboardName = LaunchScreen.storyboard;
				INFOPLIST_KEY_UISupportedInterfaceOrientations = UIInterfaceOrientationPortrait;
				INFOPLIST_KEY_UISupportedInterfaceOrientations_iPad = "UIInterfaceOrientationLandscapeLeft UIInterfaceOrientationLandscapeRight UIInterfaceOrientationPortrait UIInterfaceOrientationPortraitUpsideDown";
				IPHONEOS_DEPLOYMENT_TARGET = 16.0;
				LD_RUNPATH_SEARCH_PATHS = (
					"$(inherited)",
					"@executable_path/Frameworks",
				);
				MARKETING_VERSION = 1.0;
				PRODUCT_BUNDLE_IDENTIFIER = com.jeancesca.CryptoApp;
				PRODUCT_NAME = "$(TARGET_NAME)";
				SUPPORTED_PLATFORMS = "iphoneos iphonesimulator";
				SUPPORTS_MACCATALYST = NO;
				SUPPORTS_MAC_DESIGNED_FOR_IPHONE_IPAD = NO;
				SWIFT_EMIT_LOC_STRINGS = YES;
				SWIFT_VERSION = 5.0;
				TARGETED_DEVICE_FAMILY = "1,2";
			};
			name = Release;
		};
/* End XCBuildConfiguration section */

/* Begin XCConfigurationList section */
		0F7D674B296C567100F758B2 /* Build configuration list for PBXProject "CryptoApp" */ = {
			isa = XCConfigurationList;
			buildConfigurations = (
				0F7D675C296C567200F758B2 /* Debug */,
				0F7D675D296C567200F758B2 /* Release */,
			);
			defaultConfigurationIsVisible = 0;
			defaultConfigurationName = Release;
		};
		0F7D675E296C567200F758B2 /* Build configuration list for PBXNativeTarget "CryptoApp" */ = {
			isa = XCConfigurationList;
			buildConfigurations = (
				0F7D675F296C567200F758B2 /* Debug */,
				0F7D6760296C567200F758B2 /* Release */,
			);
			defaultConfigurationIsVisible = 0;
			defaultConfigurationName = Release;
		};
/* End XCConfigurationList section */

/* Begin XCVersionGroup section */
		0F6FA87E29884DEE006E0430 /* PortfolioContainer.xcdatamodeld */ = {
			isa = XCVersionGroup;
			children = (
				0F6FA87F29884DEE006E0430 /* PortfolioContainer.xcdatamodel */,
			);
			currentVersion = 0F6FA87F29884DEE006E0430 /* PortfolioContainer.xcdatamodel */;
			path = PortfolioContainer.xcdatamodeld;
			sourceTree = "<group>";
			versionGroupType = wrapper.xcdatamodel;
		};
/* End XCVersionGroup section */
	};
	rootObject = 0F7D6748296C567100F758B2 /* Project object */;
}
